<Solution>
  <Configurations>
    <Platform Name="x64" />
    <Platform Name="x86" />
  </Configurations>
  <Project Path="01/01.vcxproj" Id="0087d0ae-ee83-4caf-b3f7-43da60cb5d5c" />
  <Project Path="02/02.vcxproj" Id="4bef70ab-6b17-44d9-818b-43d5d18ae02b" />
  <Project Path="03/03.vcxproj" Id="9d2c30bb-cb81-4fb6-b45e-239fedebe5ed" />
  <Project Path="04/04.vcxproj" Id="4a70bdb4-5a38-4301-bc3e-1aaf1ee433eb" />
  <Project Path="05/05.vcxproj" Id="ca4bbfb3-4ba9-4275-a6ef-69c5e134f217" />
  <Project Path="06/06.vcxproj" Id="3ad5e561-b7af-413e-b3cf-31f3f1979160" />
</Solution>
